
Microsoft Visual Studio Solution File, Format Version 12.00
# Visual Studio Version 17
VisualStudioVersion = 17.3.32922.545
MinimumVisualStudioVersion = 10.0.40219.1
Project("{FAE04EC0-301F-11D3-BF4B-00C04F79EFBC}") = "laboratorka", "laboratorka.csproj", "{CB5EB18C-FDB6-41F8-85DF-986F1B3595DC}"
EndProject
Global
	GlobalSection(SolutionConfigurationPlatforms) = preSolution
		Debug|Any CPU = Debug|Any CPU
		Release|Any CPU = Release|Any CPU
	EndGlobalSection
	GlobalSection(ProjectConfigurationPlatforms) = postSolution
		{CB5EB18C-FDB6-41F8-85DF-986F1B3595DC}.Debug|Any CPU.ActiveCfg = Debug|Any CPU
		{CB5EB18C-FDB6-41F8-85DF-986F1B3595DC}.Debug|Any CPU.Build.0 = Debug|Any CPU
		{CB5EB18C-FDB6-41F8-85DF-986F1B3595DC}.Release|Any CPU.ActiveCfg = Release|Any CPU
		{CB5EB18C-FDB6-41F8-85DF-986F1B3595DC}.Release|Any CPU.Build.0 = Release|Any CPU
	EndGlobalSection
	GlobalSection(SolutionProperties) = preSolution
		HideSolutionNode = FALSE
	EndGlobalSection
	GlobalSection(ExtensibilityGlobals) = postSolution
		SolutionGuid = {D1377EA6-70C5-4A2A-8FEA-F9D74F3FBC70}
	EndGlobalSection
EndGlobal
